{
  "name": "exome-benchmark",
  "version": "0.0.0",
  "lockfileVersion": 1,
  "requires": true,
  "dependencies": {
    "@babel/runtime": {
      "version": "7.13.10",
      "resolved": "https://registry.npmjs.org/@babel/runtime/-/runtime-7.13.10.tgz",
      "integrity": "sha512-4QPkjJq6Ns3V/RgpEahRk+AGfL0eO6RHHtTWoNNr5mO49G6B5+X6d6THgWEAvTrznU5xYpbAlVKRYcsCgh/Akw==",
      "dev": true,
      "requires": {
        "regenerator-runtime": "^0.13.4"
      }
    },
    "@reduxjs/toolkit": {
      "version": "1.5.1",
      "resolved": "https://registry.npmjs.org/@reduxjs/toolkit/-/toolkit-1.5.1.tgz",
      "integrity": "sha512-PngZKuwVZsd+mimnmhiOQzoD0FiMjqVks6ituO1//Ft5UEX5Ca9of13NEjo//pU22Jk7z/mdXVsmDfgsig1osA==",
      "dev": true,
      "requires": {
        "immer": "^8.0.1",
        "redux": "^4.0.0",
        "redux-thunk": "^2.3.0",
        "reselect": "^4.0.0"
      }
    },
    "@types/benchmark": {
      "version": "2.1.0",
      "resolved": "https://registry.npmjs.org/@types/benchmark/-/benchmark-2.1.0.tgz",
      "integrity": "sha512-wxT2/LZn4z0NvSfZirxmBx686CU7EXp299KHkIk79acXpQtgeYHrslFzDacPGXifC0Pe3CEaLup07bgY1PnuQw==",
      "dev": true
    },
    "@types/hoist-non-react-statics": {
      "version": "3.3.1",
      "resolved": "https://registry.npmjs.org/@types/hoist-non-react-statics/-/hoist-non-react-statics-3.3.1.tgz",
      "integrity": "sha512-iMIqiko6ooLrTh1joXodJK5X9xeEALT1kM5G3ZLhD3hszxBdIEd5C75U834D9mLcINgD4OyZf5uQXjkuYydWvA==",
      "dev": true,
      "requires": {
        "@types/react": "*",
        "hoist-non-react-statics": "^3.3.0"
      }
    },
    "@types/prop-types": {
      "version": "15.7.3",
      "resolved": "https://registry.npmjs.org/@types/prop-types/-/prop-types-15.7.3.tgz",
      "integrity": "sha512-KfRL3PuHmqQLOG+2tGpRO26Ctg+Cq1E01D2DMriKEATHgWLfeNDmq9e29Q9WIky0dQ3NPkd1mzYH8Lm936Z9qw==",
      "dev": true
    },
    "@types/react": {
      "version": "17.0.3",
      "resolved": "https://registry.npmjs.org/@types/react/-/react-17.0.3.tgz",
      "integrity": "sha512-wYOUxIgs2HZZ0ACNiIayItyluADNbONl7kt8lkLjVK8IitMH5QMyAh75Fwhmo37r1m7L2JaFj03sIfxBVDvRAg==",
      "dev": true,
      "requires": {
        "@types/prop-types": "*",
        "@types/scheduler": "*",
        "csstype": "^3.0.2"
      }
    },
    "@types/react-redux": {
      "version": "7.1.16",
      "resolved": "https://registry.npmjs.org/@types/react-redux/-/react-redux-7.1.16.tgz",
      "integrity": "sha512-f/FKzIrZwZk7YEO9E1yoxIuDNRiDducxkFlkw/GNMGEnK9n4K8wJzlJBghpSuOVDgEUHoDkDF7Gi9lHNQR4siw==",
      "dev": true,
      "requires": {
        "@types/hoist-non-react-statics": "^3.3.0",
        "@types/react": "*",
        "hoist-non-react-statics": "^3.3.0",
        "redux": "^4.0.0"
      }
    },
    "@types/scheduler": {
      "version": "0.16.1",
      "resolved": "https://registry.npmjs.org/@types/scheduler/-/scheduler-0.16.1.tgz",
      "integrity": "sha512-EaCxbanVeyxDRTQBkdLb3Bvl/HK7PBK6UJjsSixB0iHKoWxE5uu2Q/DgtpOhPIojN0Zl1whvOd7PoHs2P0s5eA==",
      "dev": true
    },
    "benchmark": {
      "version": "2.1.4",
      "resolved": "https://registry.npmjs.org/benchmark/-/benchmark-2.1.4.tgz",
      "integrity": "sha1-CfPeMckWQl1JjMLuVloOvzwqVik=",
      "dev": true,
      "requires": {
        "lodash": "^4.17.4",
        "platform": "^1.3.3"
      }
    },
    "colorette": {
      "version": "1.2.2",
      "resolved": "https://registry.npmjs.org/colorette/-/colorette-1.2.2.tgz",
      "integrity": "sha512-MKGMzyfeuutC/ZJ1cba9NqcNpfeqMUcYmyF1ZFY6/Cn7CNSAKx6a+s48sqLqyAiZuaP2TcqMhoo+dlwFnVxT9w==",
      "dev": true
    },
    "csstype": {
      "version": "3.0.7",
      "resolved": "https://registry.npmjs.org/csstype/-/csstype-3.0.7.tgz",
      "integrity": "sha512-KxnUB0ZMlnUWCsx2Z8MUsr6qV6ja1w9ArPErJaJaF8a5SOWoHLIszeCTKGRGRgtLgYrs1E8CHkNSP1VZTTPc9g==",
      "dev": true
    },
    "fast-deep-equal": {
      "version": "3.1.3",
      "resolved": "https://registry.npmjs.org/fast-deep-equal/-/fast-deep-equal-3.1.3.tgz",
      "integrity": "sha512-f3qQ9oQy9j2AhBe/H9VC91wLmKBCCU/gDOnKNAYG5hswO7BLKj09Hc5HYNz9cGI++xlpDCIgDaitVs03ATR84Q==",
      "dev": true
    },
    "hamt_plus": {
      "version": "1.0.2",
      "resolved": "https://registry.npmjs.org/hamt_plus/-/hamt_plus-1.0.2.tgz",
      "integrity": "sha1-4hwlKWjH4zsg9qGwlM2FeHomVgE=",
      "dev": true
    },
    "hoist-non-react-statics": {
      "version": "3.3.2",
      "resolved": "https://registry.npmjs.org/hoist-non-react-statics/-/hoist-non-react-statics-3.3.2.tgz",
      "integrity": "sha512-/gGivxi8JPKWNm/W0jSmzcMPpfpPLc3dY/6GxhX2hQ9iGj3aDfklV4ET7NjKpSinLpJ5vafa9iiGIEZg10SfBw==",
      "dev": true,
      "requires": {
        "react-is": "^16.7.0"
      }
    },
    "immer": {
      "version": "8.0.4",
      "resolved": "https://registry.npmjs.org/immer/-/immer-8.0.4.tgz",
      "integrity": "sha512-jMfL18P+/6P6epANRvRk6q8t+3gGhqsJ9EuJ25AXE+9bNTYtssvzeYbEd0mXRYWCmmXSIbnlpz6vd6iJlmGGGQ==",
      "dev": true
    },
    "jotai": {
      "version": "0.16.0",
      "resolved": "https://registry.npmjs.org/jotai/-/jotai-0.16.0.tgz",
      "integrity": "sha512-1DjHUnTWIZD9Qh/cM+snmgJbI13AYccqfcDu0Vs8+sXHfzUi6zNyJUKfmJAjTH6vM4y81ljooTj8jSLyQauQuw==",
      "dev": true
    },
    "js-tokens": {
      "version": "4.0.0",
      "resolved": "https://registry.npmjs.org/js-tokens/-/js-tokens-4.0.0.tgz",
      "integrity": "sha512-RdJUflcE3cUzKiMqQgsCu06FPu9UdIJO0beYbPhHN4k6apgJtifcoCtT9bcxOpYBtpD2kCM6Sbzg4CausW/PKQ==",
      "dev": true
    },
    "lodash": {
      "version": "4.17.21",
      "resolved": "https://registry.npmjs.org/lodash/-/lodash-4.17.21.tgz",
      "integrity": "sha512-v2kDEe57lecTulaDIuNTPy3Ry4gLGJ6Z1O3vE1krgXZNrsQ+LFTGHVxVjcXPs17LhbZVGedAJv8XZ1tvj5FvSg==",
      "dev": true
    },
    "loose-envify": {
      "version": "1.4.0",
      "resolved": "https://registry.npmjs.org/loose-envify/-/loose-envify-1.4.0.tgz",
      "integrity": "sha512-lyuxPGr/Wfhrlem2CL/UcnUc1zcqKAImBDzukY7Y5F/yQiNdko6+fRLevlw1HgMySw7f611UIY408EtxRSoK3Q==",
      "dev": true,
      "requires": {
        "js-tokens": "^3.0.0 || ^4.0.0"
      }
    },
    "mobx": {
      "version": "6.2.0",
      "resolved": "https://registry.npmjs.org/mobx/-/mobx-6.2.0.tgz",
      "integrity": "sha512-j5f16JIq2v4flvYCqaAB9tMtJt/y5efR2OO5Xy+w4/MBMeQ1WeGR0T8BtiNgmxM/OQzPFUKb5DTex9Y8a/yk+g==",
      "dev": true
    },
    "mobx-react": {
      "version": "7.1.0",
      "resolved": "https://registry.npmjs.org/mobx-react/-/mobx-react-7.1.0.tgz",
      "integrity": "sha512-DxvA6VXmnZ+N9f/UTtolWtdRnAAQY2iHWTSPLktfpj8NKlXUe4dabBAjuXrBcZUM8GjLWnxD1ZEjssXq1M0RAw==",
      "dev": true,
      "requires": {
        "mobx-react-lite": "^3.2.0"
      }
    },
    "mobx-react-lite": {
      "version": "3.2.0",
      "resolved": "https://registry.npmjs.org/mobx-react-lite/-/mobx-react-lite-3.2.0.tgz",
      "integrity": "sha512-q5+UHIqYCOpBoFm/PElDuOhbcatvTllgRp3M1s+Hp5j0Z6XNgDbgqxawJ0ZAUEyKM8X1zs70PCuhAIzX1f4Q/g==",
      "dev": true
    },
    "object-assign": {
      "version": "4.1.1",
      "resolved": "https://registry.npmjs.org/object-assign/-/object-assign-4.1.1.tgz",
      "integrity": "sha1-IQmtx5ZYh8/AXLvUQsrIv7s2CGM=",
      "dev": true
    },
    "platform": {
      "version": "1.3.6",
      "resolved": "https://registry.npmjs.org/platform/-/platform-1.3.6.tgz",
      "integrity": "sha512-fnWVljUchTro6RiCFvCXBbNhJc2NijN7oIQxbwsyL0buWJPG85v81ehlHI9fXrJsMNgTofEoWIQeClKpgxFLrg==",
      "dev": true
    },
    "prop-types": {
      "version": "15.7.2",
      "resolved": "https://registry.npmjs.org/prop-types/-/prop-types-15.7.2.tgz",
      "integrity": "sha512-8QQikdH7//R2vurIJSutZ1smHYTcLpRWEOlHnzcWHmBYrOGUysKwSsrC89BCiFj3CbrfJ/nXFdJepOVrY1GCHQ==",
      "dev": true,
      "requires": {
        "loose-envify": "^1.4.0",
        "object-assign": "^4.1.1",
        "react-is": "^16.8.1"
      }
    },
    "proxy-compare": {
      "version": "1.1.6",
      "resolved": "https://registry.npmjs.org/proxy-compare/-/proxy-compare-1.1.6.tgz",
      "integrity": "sha512-V65euKrKgKjVyEh5+4nVlAf4dHJ6Q0cF77MCeZiJaOldAl9lndy/u270SJneHiz3UkVcSIhxfOKY7aFkrMyo5g==",
      "dev": true
    },
    "pullstate": {
      "version": "1.22.1",
      "resolved": "https://registry.npmjs.org/pullstate/-/pullstate-1.22.1.tgz",
      "integrity": "sha512-Xu3umsGOG6qCQ4IWxKSEikQqdR7GDsTHQPE7wquzQENMRZbPeHURA9dZgH/9ktuhDh3D1qnIDI9PyPftabme0A==",
      "dev": true,
      "requires": {
        "fast-deep-equal": "^3.1.3",
        "immer": "^8.0.1"
      }
    },
    "react": {
      "version": "file:../node_modules/react",
      "integrity": "sha512-gnhPt75i/dq/z3/6q/0asP78D0u592D5L1pd7M8P+dck6Fu/jJeL6iVVK23fptSUZj8Vjf++7wXA8UNclGQcbA==",
      "dev": true
    },
    "react-dom": {
      "version": "file:../node_modules/react-dom",
      "integrity": "sha512-s4h96KtLDUQlsENhMn1ar8t2bEa+q/YAtj8pPPdIjPDGBDIVNsrD9aXNWqspUe6AzKCIG0C1HZZLqLV7qpOBGA==",
      "dev": true
    },
    "react-is": {
      "version": "16.13.1",
      "resolved": "https://registry.npmjs.org/react-is/-/react-is-16.13.1.tgz",
      "integrity": "sha512-24e6ynE2H+OKt4kqsOvNd8kBpV65zoxbA4BVsEOB3ARVWQki/DHzaUoC5KuON/BiccDaCCTZBuOcfZs70kR8bQ==",
      "dev": true
    },
    "react-redux": {
      "version": "7.2.3",
      "resolved": "https://registry.npmjs.org/react-redux/-/react-redux-7.2.3.tgz",
      "integrity": "sha512-ZhAmQ1lrK+Pyi0ZXNMUZuYxYAZd59wFuVDGUt536kSGdD0ya9Q7BfsE95E3TsFLE3kOSFp5m6G5qbatE+Ic1+w==",
      "dev": true,
      "requires": {
        "@babel/runtime": "^7.12.1",
        "@types/react-redux": "^7.1.16",
        "hoist-non-react-statics": "^3.3.2",
        "loose-envify": "^1.4.0",
        "prop-types": "^15.7.2",
        "react-is": "^16.13.1"
      }
    },
    "recoil": {
      "version": "0.2.0",
      "resolved": "https://registry.npmjs.org/recoil/-/recoil-0.2.0.tgz",
      "integrity": "sha512-VOJfYVQ3VgmfS7L5tV9QdOR+AJhvll8yGr1+3nJPCqADulImuScGZ2sJtejPps3zfTu/o98y5kO4lje8Tx6XHw==",
      "dev": true,
      "requires": {
        "hamt_plus": "1.0.2"
      }
    },
    "redux": {
      "version": "4.0.5",
      "resolved": "https://registry.npmjs.org/redux/-/redux-4.0.5.tgz",
      "integrity": "sha512-VSz1uMAH24DM6MF72vcojpYPtrTUu3ByVWfPL1nPfVRb5mZVTve5GnNCUV53QM/BZ66xfWrm0CTWoM+Xlz8V1w==",
      "dev": true,
      "requires": {
        "loose-envify": "^1.4.0",
        "symbol-observable": "^1.2.0"
      }
    },
    "redux-thunk": {
      "version": "2.3.0",
      "resolved": "https://registry.npmjs.org/redux-thunk/-/redux-thunk-2.3.0.tgz",
      "integrity": "sha512-km6dclyFnmcvxhAcrQV2AkZmPQjzPDjgVlQtR0EQjxZPyJ0BnMf3in1ryuR8A2qU0HldVRfxYXbFSKlI3N7Slw==",
      "dev": true
    },
    "regenerator-runtime": {
      "version": "0.13.7",
      "resolved": "https://registry.npmjs.org/regenerator-runtime/-/regenerator-runtime-0.13.7.tgz",
      "integrity": "sha512-a54FxoJDIr27pgf7IgeQGxmqUNYrcV338lf/6gH456HZ/PhX+5BcwHXG9ajESmwe6WRO0tAzRUrRmNONWgkrew==",
      "dev": true
    },
    "reselect": {
      "version": "4.0.0",
      "resolved": "https://registry.npmjs.org/reselect/-/reselect-4.0.0.tgz",
      "integrity": "sha512-qUgANli03jjAyGlnbYVAV5vvnOmJnODyABz51RdBN7M4WaVu8mecZWgyQNkG8Yqe3KRGRt0l4K4B3XVEULC4CA==",
      "dev": true
    },
    "symbol-observable": {
      "version": "1.2.0",
      "resolved": "https://registry.npmjs.org/symbol-observable/-/symbol-observable-1.2.0.tgz",
      "integrity": "sha512-e900nM8RRtGhlV36KGEU9k65K3mPb1WV70OdjfxlG2EAuM1noi/E/BaW/uMhL7bPEssK8QV57vN3esixjUvcXQ==",
      "dev": true
    },
    "valtio": {
      "version": "1.0.3",
      "resolved": "https://registry.npmjs.org/valtio/-/valtio-1.0.3.tgz",
      "integrity": "sha512-x+ZPE3p318Q890Zpgq9GRQQ0HnKqf3sxpwKQDMU2A/4rxx1mDmT9JH/ybNMbYWSJDuRCpBTtkIaJUixbiBZz4Q==",
      "dev": true,
      "requires": {
        "proxy-compare": "1.1.6"
      }
    }
  }
}
